
Microsoft Visual Studio Solution File, Format Version 12.00
# Visual Studio Version 17
VisualStudioVersion = 17.7.34031.279
MinimumVisualStudioVersion = 10.0.40219.1
Project("{FAE04EC0-301F-11D3-BF4B-00C04F79EFBC}") = "apiweb.healthclinic.manha", "apiweb.healthclinic.manha.csproj", "{88DBEE47-7F62-4E80-B911-0C5079F67C30}"
EndProject
Global
	GlobalSection(SolutionConfigurationPlatforms) = preSolution
		Debug|Any CPU = Debug|Any CPU
		Release|Any CPU = Release|Any CPU
	EndGlobalSection
	GlobalSection(ProjectConfigurationPlatforms) = postSolution
		{88DBEE47-7F62-4E80-B911-0C5079F67C30}.Debug|Any CPU.ActiveCfg = Debug|Any CPU
		{88DBEE47-7F62-4E80-B911-0C5079F67C30}.Debug|Any CPU.Build.0 = Debug|Any CPU
		{88DBEE47-7F62-4E80-B911-0C5079F67C30}.Release|Any CPU.ActiveCfg = Release|Any CPU
		{88DBEE47-7F62-4E80-B911-0C5079F67C30}.Release|Any CPU.Build.0 = Release|Any CPU
	EndGlobalSection
	GlobalSection(SolutionProperties) = preSolution
		HideSolutionNode = FALSE
	EndGlobalSection
	GlobalSection(ExtensibilityGlobals) = postSolution
		SolutionGuid = {1CF0C124-5C18-472B-9EB4-A9A4C2B528E0}
	EndGlobalSection
EndGlobal
